<?xml version="1.0" encoding="UTF-8"?>
<Scheme
   LastUpgradeVersion = "1640"
   version = "1.7">
   <BuildAction
      parallelizeBuildables = "YES"
      buildImplicitDependencies = "YES"
      buildArchitectures = "Automatic">
      <PreActions>
         <ExecutionAction
            ActionType = "Xcode.IDEStandardExecutionActionsCore.ExecutionActionType.ShellScriptAction">
            <ActionContent
               title = "Run Script"
               scriptText = "# Derive repo root and ios dir from workspace path; fallback to project dir if available&#10;ROOT_DIR=${WORKSPACE_PATH%/*}/..&#10;IOS_DIR=${WORKSPACE_PATH%/*}&#10;if [ -z &quot;$WORKSPACE_PATH&quot; ] &amp;&amp; [ -n &quot;$PROJECT_DIR&quot; ]; then&#10;  ROOT_DIR=&quot;${PROJECT_DIR}/..&quot;&#10;  IOS_DIR=&quot;${PROJECT_DIR}&quot;&#10;fi&#10;&#10;export ENVFILE=.env.production&#10;&#10;&quot;${ROOT_DIR}/node_modules/react-native-config/ios/ReactNativeConfig/BuildXCConfig.rb&quot; &quot;${ROOT_DIR}&quot; &quot;${IOS_DIR}/tmp.xcconfig&quot;&#10;">
            </ActionContent>
         </ExecutionAction>
      </PreActions>
      <BuildActionEntries>
         <BuildActionEntry
            buildForTesting = "YES"
            buildForRunning = "YES"
            buildForProfiling = "YES"
            buildForArchiving = "YES"
            buildForAnalyzing = "YES">
            <BuildableReference
               BuildableIdentifier = "primary"
               BlueprintIdentifier = "13B07F861A680F5B00A75B9A"
               BuildableName = "NewReactNativeZustandRNQ.app"
               BlueprintName = "NewReactNativeZustandRNQ"
               ReferencedContainer = "container:NewReactNativeZustandRNQ.xcodeproj">
            </BuildableReference>
         </BuildActionEntry>
      </BuildActionEntries>
   </BuildAction>
   <TestAction
      buildConfiguration = "Product.Debug"
      selectedDebuggerIdentifier = "Xcode.DebuggerFoundation.Debugger.LLDB"
      selectedLauncherIdentifier = "Xcode.DebuggerFoundation.Launcher.LLDB"
      shouldUseLaunchSchemeArgsEnv = "YES"
      shouldAutocreateTestPlan = "YES">
   </TestAction>
   <LaunchAction
      buildConfiguration = "Product.Debug"
      selectedDebuggerIdentifier = "Xcode.DebuggerFoundation.Debugger.LLDB"
      selectedLauncherIdentifier = "Xcode.DebuggerFoundation.Launcher.LLDB"
      launchStyle = "0"
      useCustomWorkingDirectory = "NO"
      ignoresPersistentStateOnLaunch = "NO"
      debugDocumentVersioning = "YES"
      debugServiceExtension = "internal"
      allowLocationSimulation = "YES">
      <BuildableProductRunnable
         runnableDebuggingMode = "0">
         <BuildableReference
            BuildableIdentifier = "primary"
            BlueprintIdentifier = "13B07F861A680F5B00A75B9A"
            BuildableName = "NewReactNativeZustandRNQ.app"
            BlueprintName = "NewReactNativeZustandRNQ"
            ReferencedContainer = "container:NewReactNativeZustandRNQ.xcodeproj">
         </BuildableReference>
      </BuildableProductRunnable>
   </LaunchAction>
   <ProfileAction
      buildConfiguration = "Product.Release"
      shouldUseLaunchSchemeArgsEnv = "YES"
      savedToolIdentifier = ""
      useCustomWorkingDirectory = "NO"
      debugDocumentVersioning = "YES">
      <BuildableProductRunnable
         runnableDebuggingMode = "0">
         <BuildableReference
            BuildableIdentifier = "primary"
            BlueprintIdentifier = "13B07F861A680F5B00A75B9A"
            BuildableName = "NewReactNativeZustandRNQ.app"
            BlueprintName = "NewReactNativeZustandRNQ"
            ReferencedContainer = "container:NewReactNativeZustandRNQ.xcodeproj">
         </BuildableReference>
      </BuildableProductRunnable>
   </ProfileAction>
   <AnalyzeAction
      buildConfiguration = "Product.Debug">
   </AnalyzeAction>
   <ArchiveAction
      buildConfiguration = "Product.Release"
      revealArchiveInOrganizer = "YES">
   </ArchiveAction>
</Scheme>
